uuid: 14fa21bb-099b-439d-981a-92e80962fde1
langcode: es
status: true
dependencies:
  enforced:
    module:
      - c11n_migrate
_core:
  default_config_hash: GlQYsJGG7qHL908rQ2ZMBOYFh8Nsp8gom0WuEqaHYeE
id: upgrade_d7_custom_block
class: Drupal\migrate\Plugin\Migration
field_plugin_method: null
cck_plugin_method: null
migration_tags:
  - 'Drupal 7'
  - Content
migration_group: migrate_drupal_7
label: 'Custom blocks'
source:
  plugin: d7_block_custom
process:
  id:
    -
      plugin: get
      source: bid
  info:
    -
      plugin: get
      source: info
  body/value:
    -
      plugin: urlhost
      source: body
  body/format:
    -
      plugin: default_value
      default_value: full_html
destination:
  plugin: 'entity:block_content'
  default_bundle: basic
  no_stub: true
migration_dependencies:
  required: {  }
  optional:
    - upgrade_d7_filter_format
